
Microsoft Visual Studio Solution File, Format Version 12.00
# Visual Studio 15
VisualStudioVersion = 15.0.27130.2026
MinimumVisualStudioVersion = 10.0.40219.1
Project("{FAE04EC0-301F-11D3-BF4B-00C04F79EFBC}") = "Componentes", "Componentes\Componentes.csproj", "{B387A165-6C46-4B57-B400-6D476BFE3FC8}"
EndProject
Project("{FAE04EC0-301F-11D3-BF4B-00C04F79EFBC}") = "Vista", "Vista2\Vista.csproj", "{1AB6D46C-0F7A-46B0-A283-3D8361E5E413}"
EndProject
Global
	GlobalSection(SolutionConfigurationPlatforms) = preSolution
		Debug|Any CPU = Debug|Any CPU
		Release|Any CPU = Release|Any CPU
	EndGlobalSection
	GlobalSection(ProjectConfigurationPlatforms) = postSolution
		{B387A165-6C46-4B57-B400-6D476BFE3FC8}.Debug|Any CPU.ActiveCfg = Debug|Any CPU
		{B387A165-6C46-4B57-B400-6D476BFE3FC8}.Debug|Any CPU.Build.0 = Debug|Any CPU
		{B387A165-6C46-4B57-B400-6D476BFE3FC8}.Release|Any CPU.ActiveCfg = Release|Any CPU
		{B387A165-6C46-4B57-B400-6D476BFE3FC8}.Release|Any CPU.Build.0 = Release|Any CPU
		{1AB6D46C-0F7A-46B0-A283-3D8361E5E413}.Debug|Any CPU.ActiveCfg = Debug|Any CPU
		{1AB6D46C-0F7A-46B0-A283-3D8361E5E413}.Debug|Any CPU.Build.0 = Debug|Any CPU
		{1AB6D46C-0F7A-46B0-A283-3D8361E5E413}.Release|Any CPU.ActiveCfg = Release|Any CPU
		{1AB6D46C-0F7A-46B0-A283-3D8361E5E413}.Release|Any CPU.Build.0 = Release|Any CPU
	EndGlobalSection
	GlobalSection(SolutionProperties) = preSolution
		HideSolutionNode = FALSE
	EndGlobalSection
	GlobalSection(ExtensibilityGlobals) = postSolution
		SolutionGuid = {2818DE95-7919-420F-9DCB-1A9C124809B3}
	EndGlobalSection
EndGlobal
